
Microsoft Visual Studio Solution File, Format Version 12.00
# Visual Studio Version 16
VisualStudioVersion = 16.0.31702.278
MinimumVisualStudioVersion = 10.0.40219.1
Project("{FAE04EC0-301F-11D3-BF4B-00C04F79EFBC}") = "TechAcademy", "TechAcademy\TechAcademy.csproj", "{7177984C-CB32-4584-9A82-5FCEE93F639D}"
EndProject
Global
	GlobalSection(SolutionConfigurationPlatforms) = preSolution
		Debug|Any CPU = Debug|Any CPU
		Release|Any CPU = Release|Any CPU
	EndGlobalSection
	GlobalSection(ProjectConfigurationPlatforms) = postSolution
		{7177984C-CB32-4584-9A82-5FCEE93F639D}.Debug|Any CPU.ActiveCfg = Debug|Any CPU
		{7177984C-CB32-4584-9A82-5FCEE93F639D}.Debug|Any CPU.Build.0 = Debug|Any CPU
		{7177984C-CB32-4584-9A82-5FCEE93F639D}.Release|Any CPU.ActiveCfg = Release|Any CPU
		{7177984C-CB32-4584-9A82-5FCEE93F639D}.Release|Any CPU.Build.0 = Release|Any CPU
	EndGlobalSection
	GlobalSection(SolutionProperties) = preSolution
		HideSolutionNode = FALSE
	EndGlobalSection
	GlobalSection(ExtensibilityGlobals) = postSolution
		SolutionGuid = {833C5D8D-0E92-448A-AAB8-799898C7B5A7}
	EndGlobalSection
EndGlobal
